
Microsoft Visual Studio Solution File, Format Version 12.00
# Visual Studio Version 16
VisualStudioVersion = 16.0.32106.194
MinimumVisualStudioVersion = 10.0.40219.1
Project("{FAE04EC0-301F-11D3-BF4B-00C04F79EFBC}") = "Projeto01.Conceitos", "Projeto01.Conceitos\Projeto01.Conceitos.csproj", "{7AC125A2-56D3-498E-B8A8-6778E4D3487B}"
EndProject
Project("{FAE04EC0-301F-11D3-BF4B-00C04F79EFBC}") = "Projeto02.Variaveis", "Projeto02.Tipos\Projeto02.Variaveis.csproj", "{AF435DE3-C1B7-48CF-8018-59497E26E4C1}"
EndProject
Project("{FAE04EC0-301F-11D3-BF4B-00C04F79EFBC}") = "Projeto03.Referencias", "Projeto03.Referencias\Projeto03.Referencias.csproj", "{066148AE-7B5E-4761-B43D-6996CAC59725}"
EndProject
Project("{FAE04EC0-301F-11D3-BF4B-00C04F79EFBC}") = "Projeto04.DadosEntrada", "Projeto04.DadosEntrada\Projeto04.DadosEntrada.csproj", "{77B32F39-E00A-4B34-AFD4-EB075164511D}"
EndProject
Project("{FAE04EC0-301F-11D3-BF4B-00C04F79EFBC}") = "Projeto05.operadores", "Projeto05.operadores\Projeto05.operadores.csproj", "{384AA36D-648C-45F8-A033-F596536A7588}"
EndProject
Global
	GlobalSection(SolutionConfigurationPlatforms) = preSolution
		Debug|Any CPU = Debug|Any CPU
		Release|Any CPU = Release|Any CPU
	EndGlobalSection
	GlobalSection(ProjectConfigurationPlatforms) = postSolution
		{7AC125A2-56D3-498E-B8A8-6778E4D3487B}.Debug|Any CPU.ActiveCfg = Debug|Any CPU
		{7AC125A2-56D3-498E-B8A8-6778E4D3487B}.Debug|Any CPU.Build.0 = Debug|Any CPU
		{7AC125A2-56D3-498E-B8A8-6778E4D3487B}.Release|Any CPU.ActiveCfg = Release|Any CPU
		{7AC125A2-56D3-498E-B8A8-6778E4D3487B}.Release|Any CPU.Build.0 = Release|Any CPU
		{AF435DE3-C1B7-48CF-8018-59497E26E4C1}.Debug|Any CPU.ActiveCfg = Debug|Any CPU
		{AF435DE3-C1B7-48CF-8018-59497E26E4C1}.Debug|Any CPU.Build.0 = Debug|Any CPU
		{AF435DE3-C1B7-48CF-8018-59497E26E4C1}.Release|Any CPU.ActiveCfg = Release|Any CPU
		{AF435DE3-C1B7-48CF-8018-59497E26E4C1}.Release|Any CPU.Build.0 = Release|Any CPU
		{066148AE-7B5E-4761-B43D-6996CAC59725}.Debug|Any CPU.ActiveCfg = Debug|Any CPU
		{066148AE-7B5E-4761-B43D-6996CAC59725}.Debug|Any CPU.Build.0 = Debug|Any CPU
		{066148AE-7B5E-4761-B43D-6996CAC59725}.Release|Any CPU.ActiveCfg = Release|Any CPU
		{066148AE-7B5E-4761-B43D-6996CAC59725}.Release|Any CPU.Build.0 = Release|Any CPU
		{77B32F39-E00A-4B34-AFD4-EB075164511D}.Debug|Any CPU.ActiveCfg = Debug|Any CPU
		{77B32F39-E00A-4B34-AFD4-EB075164511D}.Debug|Any CPU.Build.0 = Debug|Any CPU
		{77B32F39-E00A-4B34-AFD4-EB075164511D}.Release|Any CPU.ActiveCfg = Release|Any CPU
		{77B32F39-E00A-4B34-AFD4-EB075164511D}.Release|Any CPU.Build.0 = Release|Any CPU
		{384AA36D-648C-45F8-A033-F596536A7588}.Debug|Any CPU.ActiveCfg = Debug|Any CPU
		{384AA36D-648C-45F8-A033-F596536A7588}.Debug|Any CPU.Build.0 = Debug|Any CPU
		{384AA36D-648C-45F8-A033-F596536A7588}.Release|Any CPU.ActiveCfg = Release|Any CPU
		{384AA36D-648C-45F8-A033-F596536A7588}.Release|Any CPU.Build.0 = Release|Any CPU
	EndGlobalSection
	GlobalSection(SolutionProperties) = preSolution
		HideSolutionNode = FALSE
	EndGlobalSection
	GlobalSection(ExtensibilityGlobals) = postSolution
		SolutionGuid = {BCA36DB9-4DF9-40EA-9645-F84D7D18AFD7}
	EndGlobalSection
EndGlobal
